// !$*UTF8*$!
{
	archiveVersion = 1;
	classes = {
	};
	objectVersion = 77;
	objects = {

/* Begin PBXBuildFile section */
		E4B43E2B2C82442A00D31FFE /* MyList.swift in Sources */ = {isa = PBXBuildFile; fileRef = E4B43E212C82442A00D31FFE /* MyList.swift */; };
		E4B43E2C2C82442A00D31FFE /* AddListScreen.swift in Sources */ = {isa = PBXBuildFile; fileRef = E4B43E232C82442A00D31FFE /* AddListScreen.swift */; };
		E4B43E2D2C82442A00D31FFE /* HomeScreen.swift in Sources */ = {isa = PBXBuildFile; fileRef = E4B43E242C82442A00D31FFE /* HomeScreen.swift */; };
		E4B43E2E2C82442A00D31FFE /* MyListView.swift in Sources */ = {isa = PBXBuildFile; fileRef = E4B43E262C82442A00D31FFE /* MyListView.swift */; };
		E4B43E2F2C82442A00D31FFE /* RemindersSwiftDataApp.swift in Sources */ = {isa = PBXBuildFile; fileRef = E4B43E292C82442A00D31FFE /* RemindersSwiftDataApp.swift */; };
		E4B43E302C82442A00D31FFE /* Assets.xcassets in Resources */ = {isa = PBXBuildFile; fileRef = E4B43E282C82442A00D31FFE /* Assets.xcassets */; };
		E4B43E342C82450B00D31FFE /* Preview Assets.xcassets in Resources */ = {isa = PBXBuildFile; fileRef = E4B43E312C82450B00D31FFE /* Preview Assets.xcassets */; };
		E4B43E352C82450B00D31FFE /* PreviewContainer.swift in Sources */ = {isa = PBXBuildFile; fileRef = E4B43E322C82450B00D31FFE /* PreviewContainer.swift */; };
		E4B43E372C82451F00D31FFE /* Color+Extensions.swift in Sources */ = {isa = PBXBuildFile; fileRef = E4B43E362C82451F00D31FFE /* Color+Extensions.swift */; };
		E4B43E392C8628B200D31FFE /* Reminder.swift in Sources */ = {isa = PBXBuildFile; fileRef = E4B43E382C8628B200D31FFE /* Reminder.swift */; };
		E4B43E3B2C862A8A00D31FFE /* MyListDetailsScreen.swift in Sources */ = {isa = PBXBuildFile; fileRef = E4B43E3A2C862A8A00D31FFE /* MyListDetailsScreen.swift */; };
		E4B43E3D2C862EED00D31FFE /* String+Extensions.swift in Sources */ = {isa = PBXBuildFile; fileRef = E4B43E3C2C862EED00D31FFE /* String+Extensions.swift */; };
		E4B43E3F2C86314500D31FFE /* ReminderCellView.swift in Sources */ = {isa = PBXBuildFile; fileRef = E4B43E3E2C86314500D31FFE /* ReminderCellView.swift */; };
/* End PBXBuildFile section */

/* Begin PBXContainerItemProxy section */
		E43571B32C7FE51100E59ADD /* PBXContainerItemProxy */ = {
			isa = PBXContainerItemProxy;
			containerPortal = E43571982C7FE51000E59ADD /* Project object */;
			proxyType = 1;
			remoteGlobalIDString = E435719F2C7FE51000E59ADD;
			remoteInfo = RemindersSwiftData;
		};
		E43571BD2C7FE51100E59ADD /* PBXContainerItemProxy */ = {
			isa = PBXContainerItemProxy;
			containerPortal = E43571982C7FE51000E59ADD /* Project object */;
			proxyType = 1;
			remoteGlobalIDString = E435719F2C7FE51000E59ADD;
			remoteInfo = RemindersSwiftData;
		};
/* End PBXContainerItemProxy section */

/* Begin PBXFileReference section */
		E43571A02C7FE51000E59ADD /* RemindersSwiftData.app */ = {isa = PBXFileReference; explicitFileType = wrapper.application; includeInIndex = 0; path = RemindersSwiftData.app; sourceTree = BUILT_PRODUCTS_DIR; };
		E43571B22C7FE51100E59ADD /* RemindersSwiftDataTests.xctest */ = {isa = PBXFileReference; explicitFileType = wrapper.cfbundle; includeInIndex = 0; path = RemindersSwiftDataTests.xctest; sourceTree = BUILT_PRODUCTS_DIR; };
		E43571BC2C7FE51100E59ADD /* RemindersSwiftDataUITests.xctest */ = {isa = PBXFileReference; explicitFileType = wrapper.cfbundle; includeInIndex = 0; path = RemindersSwiftDataUITests.xctest; sourceTree = BUILT_PRODUCTS_DIR; };
		E4B43E212C82442A00D31FFE /* MyList.swift */ = {isa = PBXFileReference; lastKnownFileType = sourcecode.swift; path = MyList.swift; sourceTree = "<group>"; };
		E4B43E232C82442A00D31FFE /* AddListScreen.swift */ = {isa = PBXFileReference; lastKnownFileType = sourcecode.swift; path = AddListScreen.swift; sourceTree = "<group>"; };
		E4B43E242C82442A00D31FFE /* HomeScreen.swift */ = {isa = PBXFileReference; lastKnownFileType = sourcecode.swift; path = HomeScreen.swift; sourceTree = "<group>"; };
		E4B43E262C82442A00D31FFE /* MyListView.swift */ = {isa = PBXFileReference; lastKnownFileType = sourcecode.swift; path = MyListView.swift; sourceTree = "<group>"; };
		E4B43E282C82442A00D31FFE /* Assets.xcassets */ = {isa = PBXFileReference; lastKnownFileType = folder.assetcatalog; path = Assets.xcassets; sourceTree = "<group>"; };
		E4B43E292C82442A00D31FFE /* RemindersSwiftDataApp.swift */ = {isa = PBXFileReference; lastKnownFileType = sourcecode.swift; path = RemindersSwiftDataApp.swift; sourceTree = "<group>"; };
		E4B43E312C82450B00D31FFE /* Preview Assets.xcassets */ = {isa = PBXFileReference; lastKnownFileType = folder.assetcatalog; path = "Preview Assets.xcassets"; sourceTree = "<group>"; };
		E4B43E322C82450B00D31FFE /* PreviewContainer.swift */ = {isa = PBXFileReference; lastKnownFileType = sourcecode.swift; path = PreviewContainer.swift; sourceTree = "<group>"; };
		E4B43E362C82451F00D31FFE /* Color+Extensions.swift */ = {isa = PBXFileReference; lastKnownFileType = sourcecode.swift; path = "Color+Extensions.swift"; sourceTree = "<group>"; };
		E4B43E382C8628B200D31FFE /* Reminder.swift */ = {isa = PBXFileReference; lastKnownFileType = sourcecode.swift; path = Reminder.swift; sourceTree = "<group>"; };
		E4B43E3A2C862A8A00D31FFE /* MyListDetailsScreen.swift */ = {isa = PBXFileReference; lastKnownFileType = sourcecode.swift; path = MyListDetailsScreen.swift; sourceTree = "<group>"; };
		E4B43E3C2C862EED00D31FFE /* String+Extensions.swift */ = {isa = PBXFileReference; lastKnownFileType = sourcecode.swift; path = "String+Extensions.swift"; sourceTree = "<group>"; };
		E4B43E3E2C86314500D31FFE /* ReminderCellView.swift */ = {isa = PBXFileReference; lastKnownFileType = sourcecode.swift; path = ReminderCellView.swift; sourceTree = "<group>"; };
/* End PBXFileReference section */

/* Begin PBXFileSystemSynchronizedRootGroup section */
		E43571B52C7FE51100E59ADD /* RemindersSwiftDataTests */ = {
			isa = PBXFileSystemSynchronizedRootGroup;
			path = RemindersSwiftDataTests;
			sourceTree = "<group>";
		};
		E43571BF2C7FE51100E59ADD /* RemindersSwiftDataUITests */ = {
			isa = PBXFileSystemSynchronizedRootGroup;
			path = RemindersSwiftDataUITests;
			sourceTree = "<group>";
		};
/* End PBXFileSystemSynchronizedRootGroup section */

/* Begin PBXFrameworksBuildPhase section */
		E435719D2C7FE51000E59ADD /* Frameworks */ = {
			isa = PBXFrameworksBuildPhase;
			buildActionMask = 2147483647;
			files = (
			);
			runOnlyForDeploymentPostprocessing = 0;
		};
		E43571AF2C7FE51100E59ADD /* Frameworks */ = {
			isa = PBXFrameworksBuildPhase;
			buildActionMask = 2147483647;
			files = (
			);
			runOnlyForDeploymentPostprocessing = 0;
		};
		E43571B92C7FE51100E59ADD /* Frameworks */ = {
			isa = PBXFrameworksBuildPhase;
			buildActionMask = 2147483647;
			files = (
			);
			runOnlyForDeploymentPostprocessing = 0;
		};
/* End PBXFrameworksBuildPhase section */

/* Begin PBXGroup section */
		E43571972C7FE51000E59ADD = {
			isa = PBXGroup;
			children = (
				E4B43E2A2C82442A00D31FFE /* RemindersSwiftData */,
				E43571B52C7FE51100E59ADD /* RemindersSwiftDataTests */,
				E43571BF2C7FE51100E59ADD /* RemindersSwiftDataUITests */,
				E43571A12C7FE51000E59ADD /* Products */,
			);
			sourceTree = "<group>";
		};
		E43571A12C7FE51000E59ADD /* Products */ = {
			isa = PBXGroup;
			children = (
				E43571A02C7FE51000E59ADD /* RemindersSwiftData.app */,
				E43571B22C7FE51100E59ADD /* RemindersSwiftDataTests.xctest */,
				E43571BC2C7FE51100E59ADD /* RemindersSwiftDataUITests.xctest */,
			);
			name = Products;
			sourceTree = "<group>";
		};
		E4B43E202C82442A00D31FFE /* Extensions */ = {
			isa = PBXGroup;
			children = (
				E4B43E362C82451F00D31FFE /* Color+Extensions.swift */,
				E4B43E3C2C862EED00D31FFE /* String+Extensions.swift */,
			);
			path = Extensions;
			sourceTree = "<group>";
		};
		E4B43E222C82442A00D31FFE /* Models */ = {
			isa = PBXGroup;
			children = (
				E4B43E212C82442A00D31FFE /* MyList.swift */,
				E4B43E382C8628B200D31FFE /* Reminder.swift */,
			);
			path = Models;
			sourceTree = "<group>";
		};
		E4B43E252C82442A00D31FFE /* Screens */ = {
			isa = PBXGroup;
			children = (
				E4B43E232C82442A00D31FFE /* AddListScreen.swift */,
				E4B43E242C82442A00D31FFE /* HomeScreen.swift */,
				E4B43E3A2C862A8A00D31FFE /* MyListDetailsScreen.swift */,
			);
			path = Screens;
			sourceTree = "<group>";
		};
		E4B43E272C82442A00D31FFE /* Views */ = {
			isa = PBXGroup;
			children = (
				E4B43E262C82442A00D31FFE /* MyListView.swift */,
				E4B43E3E2C86314500D31FFE /* ReminderCellView.swift */,
			);
			path = Views;
			sourceTree = "<group>";
		};
		E4B43E2A2C82442A00D31FFE /* RemindersSwiftData */ = {
			isa = PBXGroup;
			children = (
				E4B43E292C82442A00D31FFE /* RemindersSwiftDataApp.swift */,
				E4B43E222C82442A00D31FFE /* Models */,
				E4B43E252C82442A00D31FFE /* Screens */,
				E4B43E272C82442A00D31FFE /* Views */,
				E4B43E202C82442A00D31FFE /* Extensions */,
				E4B43E332C82450B00D31FFE /* Preview Content */,
				E4B43E282C82442A00D31FFE /* Assets.xcassets */,
			);
			path = RemindersSwiftData;
			sourceTree = "<group>";
		};
		E4B43E332C82450B00D31FFE /* Preview Content */ = {
			isa = PBXGroup;
			children = (
				E4B43E312C82450B00D31FFE /* Preview Assets.xcassets */,
				E4B43E322C82450B00D31FFE /* PreviewContainer.swift */,
			);
			path = "Preview Content";
			sourceTree = "<group>";
		};
/* End PBXGroup section */

/* Begin PBXNativeTarget section */
		E435719F2C7FE51000E59ADD /* RemindersSwiftData */ = {
			isa = PBXNativeTarget;
			buildConfigurationList = E43571C62C7FE51100E59ADD /* Build configuration list for PBXNativeTarget "RemindersSwiftData" */;
			buildPhases = (
				E435719C2C7FE51000E59ADD /* Sources */,
				E435719D2C7FE51000E59ADD /* Frameworks */,
				E435719E2C7FE51000E59ADD /* Resources */,
			);
			buildRules = (
			);
			dependencies = (
			);
			name = RemindersSwiftData;
			packageProductDependencies = (
			);
			productName = RemindersSwiftData;
			productReference = E43571A02C7FE51000E59ADD /* RemindersSwiftData.app */;
			productType = "com.apple.product-type.application";
		};
		E43571B12C7FE51100E59ADD /* RemindersSwiftDataTests */ = {
			isa = PBXNativeTarget;
			buildConfigurationList = E43571C92C7FE51100E59ADD /* Build configuration list for PBXNativeTarget "RemindersSwiftDataTests" */;
			buildPhases = (
				E43571AE2C7FE51100E59ADD /* Sources */,
				E43571AF2C7FE51100E59ADD /* Frameworks */,
				E43571B02C7FE51100E59ADD /* Resources */,
			);
			buildRules = (
			);
			dependencies = (
				E43571B42C7FE51100E59ADD /* PBXTargetDependency */,
			);
			fileSystemSynchronizedGroups = (
				E43571B52C7FE51100E59ADD /* RemindersSwiftDataTests */,
			);
			name = RemindersSwiftDataTests;
			packageProductDependencies = (
			);
			productName = RemindersSwiftDataTests;
			productReference = E43571B22C7FE51100E59ADD /* RemindersSwiftDataTests.xctest */;
			productType = "com.apple.product-type.bundle.unit-test";
		};
		E43571BB2C7FE51100E59ADD /* RemindersSwiftDataUITests */ = {
			isa = PBXNativeTarget;
			buildConfigurationList = E43571CC2C7FE51100E59ADD /* Build configuration list for PBXNativeTarget "RemindersSwiftDataUITests" */;
			buildPhases = (
				E43571B82C7FE51100E59ADD /* Sources */,
				E43571B92C7FE51100E59ADD /* Frameworks */,
				E43571BA2C7FE51100E59ADD /* Resources */,
			);
			buildRules = (
			);
			dependencies = (
				E43571BE2C7FE51100E59ADD /* PBXTargetDependency */,
			);
			fileSystemSynchronizedGroups = (
				E43571BF2C7FE51100E59ADD /* RemindersSwiftDataUITests */,
			);
			name = RemindersSwiftDataUITests;
			packageProductDependencies = (
			);
			productName = RemindersSwiftDataUITests;
			productReference = E43571BC2C7FE51100E59ADD /* RemindersSwiftDataUITests.xctest */;
			productType = "com.apple.product-type.bundle.ui-testing";
		};
/* End PBXNativeTarget section */

/* Begin PBXProject section */
		E43571982C7FE51000E59ADD /* Project object */ = {
			isa = PBXProject;
			attributes = {
				BuildIndependentTargetsInParallel = 1;
				LastSwiftUpdateCheck = 1610;
				LastUpgradeCheck = 1610;
				TargetAttributes = {
					E435719F2C7FE51000E59ADD = {
						CreatedOnToolsVersion = 16.1;
					};
					E43571B12C7FE51100E59ADD = {
						CreatedOnToolsVersion = 16.1;
						TestTargetID = E435719F2C7FE51000E59ADD;
					};
					E43571BB2C7FE51100E59ADD = {
						CreatedOnToolsVersion = 16.1;
						TestTargetID = E435719F2C7FE51000E59ADD;
					};
				};
			};
			buildConfigurationList = E435719B2C7FE51000E59ADD /* Build configuration list for PBXProject "RemindersSwiftData" */;
			developmentRegion = en;
			hasScannedForEncodings = 0;
			knownRegions = (
				en,
				Base,
			);
			mainGroup = E43571972C7FE51000E59ADD;
			minimizedProjectReferenceProxies = 1;
			preferredProjectObjectVersion = 77;
			productRefGroup = E43571A12C7FE51000E59ADD /* Products */;
			projectDirPath = "";
			projectRoot = "";
			targets = (
				E435719F2C7FE51000E59ADD /* RemindersSwiftData */,
				E43571B12C7FE51100E59ADD /* RemindersSwiftDataTests */,
				E43571BB2C7FE51100E59ADD /* RemindersSwiftDataUITests */,
			);
		};
/* End PBXProject section */

/* Begin PBXResourcesBuildPhase section */
		E435719E2C7FE51000E59ADD /* Resources */ = {
			isa = PBXResourcesBuildPhase;
			buildActionMask = 2147483647;
			files = (
				E4B43E342C82450B00D31FFE /* Preview Assets.xcassets in Resources */,
				E4B43E302C82442A00D31FFE /* Assets.xcassets in Resources */,
			);
			runOnlyForDeploymentPostprocessing = 0;
		};
		E43571B02C7FE51100E59ADD /* Resources */ = {
			isa = PBXResourcesBuildPhase;
			buildActionMask = 2147483647;
			files = (
			);
			runOnlyForDeploymentPostprocessing = 0;
		};
		E43571BA2C7FE51100E59ADD /* Resources */ = {
			isa = PBXResourcesBuildPhase;
			buildActionMask = 2147483647;
			files = (
			);
			runOnlyForDeploymentPostprocessing = 0;
		};
/* End PBXResourcesBuildPhase section */

/* Begin PBXSourcesBuildPhase section */
		E435719C2C7FE51000E59ADD /* Sources */ = {
			isa = PBXSourcesBuildPhase;
			buildActionMask = 2147483647;
			files = (
				E4B43E3D2C862EED00D31FFE /* String+Extensions.swift in Sources */,
				E4B43E352C82450B00D31FFE /* PreviewContainer.swift in Sources */,
				E4B43E2B2C82442A00D31FFE /* MyList.swift in Sources */,
				E4B43E2C2C82442A00D31FFE /* AddListScreen.swift in Sources */,
				E4B43E392C8628B200D31FFE /* Reminder.swift in Sources */,
				E4B43E3F2C86314500D31FFE /* ReminderCellView.swift in Sources */,
				E4B43E2D2C82442A00D31FFE /* HomeScreen.swift in Sources */,
				E4B43E372C82451F00D31FFE /* Color+Extensions.swift in Sources */,
				E4B43E3B2C862A8A00D31FFE /* MyListDetailsScreen.swift in Sources */,
				E4B43E2E2C82442A00D31FFE /* MyListView.swift in Sources */,
				E4B43E2F2C82442A00D31FFE /* RemindersSwiftDataApp.swift in Sources */,
			);
			runOnlyForDeploymentPostprocessing = 0;
		};
		E43571AE2C7FE51100E59ADD /* Sources */ = {
			isa = PBXSourcesBuildPhase;
			buildActionMask = 2147483647;
			files = (
			);
			runOnlyForDeploymentPostprocessing = 0;
		};
		E43571B82C7FE51100E59ADD /* Sources */ = {
			isa = PBXSourcesBuildPhase;
			buildActionMask = 2147483647;
			files = (
			);
			runOnlyForDeploymentPostprocessing = 0;
		};
/* End PBXSourcesBuildPhase section */

/* Begin PBXTargetDependency section */
		E43571B42C7FE51100E59ADD /* PBXTargetDependency */ = {
			isa = PBXTargetDependency;
			target = E435719F2C7FE51000E59ADD /* RemindersSwiftData */;
			targetProxy = E43571B32C7FE51100E59ADD /* PBXContainerItemProxy */;
		};
		E43571BE2C7FE51100E59ADD /* PBXTargetDependency */ = {
			isa = PBXTargetDependency;
			target = E435719F2C7FE51000E59ADD /* RemindersSwiftData */;
			targetProxy = E43571BD2C7FE51100E59ADD /* PBXContainerItemProxy */;
		};
/* End PBXTargetDependency section */

/* Begin XCBuildConfiguration section */
		E43571C42C7FE51100E59ADD /* Debug */ = {
			isa = XCBuildConfiguration;
			buildSettings = {
				ALWAYS_SEARCH_USER_PATHS = NO;
				ASSETCATALOG_COMPILER_GENERATE_SWIFT_ASSET_SYMBOL_EXTENSIONS = YES;
				CLANG_ANALYZER_NONNULL = YES;
				CLANG_ANALYZER_NUMBER_OBJECT_CONVERSION = YES_AGGRESSIVE;
				CLANG_CXX_LANGUAGE_STANDARD = "gnu++20";
				CLANG_ENABLE_MODULES = YES;
				CLANG_ENABLE_OBJC_ARC = YES;
				CLANG_ENABLE_OBJC_WEAK = YES;
				CLANG_WARN_BLOCK_CAPTURE_AUTORELEASING = YES;
				CLANG_WARN_BOOL_CONVERSION = YES;
				CLANG_WARN_COMMA = YES;
				CLANG_WARN_CONSTANT_CONVERSION = YES;
				CLANG_WARN_DEPRECATED_OBJC_IMPLEMENTATIONS = YES;
				CLANG_WARN_DIRECT_OBJC_ISA_USAGE = YES_ERROR;
				CLANG_WARN_DOCUMENTATION_COMMENTS = YES;
				CLANG_WARN_EMPTY_BODY = YES;
				CLANG_WARN_ENUM_CONVERSION = YES;
				CLANG_WARN_INFINITE_RECURSION = YES;
				CLANG_WARN_INT_CONVERSION = YES;
				CLANG_WARN_NON_LITERAL_NULL_CONVERSION = YES;
				CLANG_WARN_OBJC_IMPLICIT_RETAIN_SELF = YES;
				CLANG_WARN_OBJC_LITERAL_CONVERSION = YES;
				CLANG_WARN_OBJC_ROOT_CLASS = YES_ERROR;
				CLANG_WARN_QUOTED_INCLUDE_IN_FRAMEWORK_HEADER = YES;
				CLANG_WARN_RANGE_LOOP_ANALYSIS = YES;
				CLANG_WARN_STRICT_PROTOTYPES = YES;
				CLANG_WARN_SUSPICIOUS_MOVE = YES;
				CLANG_WARN_UNGUARDED_AVAILABILITY = YES_AGGRESSIVE;
				CLANG_WARN_UNREACHABLE_CODE = YES;
				CLANG_WARN__DUPLICATE_METHOD_MATCH = YES;
				COPY_PHASE_STRIP = NO;
				DEBUG_INFORMATION_FORMAT = dwarf;
				ENABLE_STRICT_OBJC_MSGSEND = YES;
				ENABLE_TESTABILITY = YES;
				ENABLE_USER_SCRIPT_SANDBOXING = YES;
				GCC_C_LANGUAGE_STANDARD = gnu17;
				GCC_DYNAMIC_NO_PIC = NO;
				GCC_NO_COMMON_BLOCKS = YES;
				GCC_OPTIMIZATION_LEVEL = 0;
				GCC_PREPROCESSOR_DEFINITIONS = (
					"DEBUG=1",
					"$(inherited)",
				);
				GCC_WARN_64_TO_32_BIT_CONVERSION = YES;
				GCC_WARN_ABOUT_RETURN_TYPE = YES_ERROR;
				GCC_WARN_UNDECLARED_SELECTOR = YES;
				GCC_WARN_UNINITIALIZED_AUTOS = YES_AGGRESSIVE;
				GCC_WARN_UNUSED_FUNCTION = YES;
				GCC_WARN_UNUSED_VARIABLE = YES;
				IPHONEOS_DEPLOYMENT_TARGET = 18.1;
				LOCALIZATION_PREFERS_STRING_CATALOGS = YES;
				MTL_ENABLE_DEBUG_INFO = INCLUDE_SOURCE;
				MTL_FAST_MATH = YES;
				ONLY_ACTIVE_ARCH = YES;
				SDKROOT = iphoneos;
				SWIFT_ACTIVE_COMPILATION_CONDITIONS = "DEBUG $(inherited)";
				SWIFT_OPTIMIZATION_LEVEL = "-Onone";
			};
			name = Debug;
		};
		E43571C52C7FE51100E59ADD /* Release */ = {
			isa = XCBuildConfiguration;
			buildSettings = {
				ALWAYS_SEARCH_USER_PATHS = NO;
				ASSETCATALOG_COMPILER_GENERATE_SWIFT_ASSET_SYMBOL_EXTENSIONS = YES;
				CLANG_ANALYZER_NONNULL = YES;
				CLANG_ANALYZER_NUMBER_OBJECT_CONVERSION = YES_AGGRESSIVE;
				CLANG_CXX_LANGUAGE_STANDARD = "gnu++20";
				CLANG_ENABLE_MODULES = YES;
				CLANG_ENABLE_OBJC_ARC = YES;
				CLANG_ENABLE_OBJC_WEAK = YES;
				CLANG_WARN_BLOCK_CAPTURE_AUTORELEASING = YES;
				CLANG_WARN_BOOL_CONVERSION = YES;
				CLANG_WARN_COMMA = YES;
				CLANG_WARN_CONSTANT_CONVERSION = YES;
				CLANG_WARN_DEPRECATED_OBJC_IMPLEMENTATIONS = YES;
				CLANG_WARN_DIRECT_OBJC_ISA_USAGE = YES_ERROR;
				CLANG_WARN_DOCUMENTATION_COMMENTS = YES;
				CLANG_WARN_EMPTY_BODY = YES;
				CLANG_WARN_ENUM_CONVERSION = YES;
				CLANG_WARN_INFINITE_RECURSION = YES;
				CLANG_WARN_INT_CONVERSION = YES;
				CLANG_WARN_NON_LITERAL_NULL_CONVERSION = YES;
				CLANG_WARN_OBJC_IMPLICIT_RETAIN_SELF = YES;
				CLANG_WARN_OBJC_LITERAL_CONVERSION = YES;
				CLANG_WARN_OBJC_ROOT_CLASS = YES_ERROR;
				CLANG_WARN_QUOTED_INCLUDE_IN_FRAMEWORK_HEADER = YES;
				CLANG_WARN_RANGE_LOOP_ANALYSIS = YES;
				CLANG_WARN_STRICT_PROTOTYPES = YES;
				CLANG_WARN_SUSPICIOUS_MOVE = YES;
				CLANG_WARN_UNGUARDED_AVAILABILITY = YES_AGGRESSIVE;
				CLANG_WARN_UNREACHABLE_CODE = YES;
				CLANG_WARN__DUPLICATE_METHOD_MATCH = YES;
				COPY_PHASE_STRIP = NO;
				DEBUG_INFORMATION_FORMAT = "dwarf-with-dsym";
				ENABLE_NS_ASSERTIONS = NO;
				ENABLE_STRICT_OBJC_MSGSEND = YES;
				ENABLE_USER_SCRIPT_SANDBOXING = YES;
				GCC_C_LANGUAGE_STANDARD = gnu17;
				GCC_NO_COMMON_BLOCKS = YES;
				GCC_WARN_64_TO_32_BIT_CONVERSION = YES;
				GCC_WARN_ABOUT_RETURN_TYPE = YES_ERROR;
				GCC_WARN_UNDECLARED_SELECTOR = YES;
				GCC_WARN_UNINITIALIZED_AUTOS = YES_AGGRESSIVE;
				GCC_WARN_UNUSED_FUNCTION = YES;
				GCC_WARN_UNUSED_VARIABLE = YES;
				IPHONEOS_DEPLOYMENT_TARGET = 18.1;
				LOCALIZATION_PREFERS_STRING_CATALOGS = YES;
				MTL_ENABLE_DEBUG_INFO = NO;
				MTL_FAST_MATH = YES;
				SDKROOT = iphoneos;
				SWIFT_COMPILATION_MODE = wholemodule;
				VALIDATE_PRODUCT = YES;
			};
			name = Release;
		};
		E43571C72C7FE51100E59ADD /* Debug */ = {
			isa = XCBuildConfiguration;
			buildSettings = {
				ASSETCATALOG_COMPILER_APPICON_NAME = AppIcon;
				ASSETCATALOG_COMPILER_GLOBAL_ACCENT_COLOR_NAME = AccentColor;
				CODE_SIGN_STYLE = Automatic;
				CURRENT_PROJECT_VERSION = 1;
				DEVELOPMENT_ASSET_PATHS = "\"RemindersSwiftData/Preview Content\"";
				DEVELOPMENT_TEAM = 4473R8PQA5;
				ENABLE_PREVIEWS = YES;
				GENERATE_INFOPLIST_FILE = YES;
				INFOPLIST_KEY_UIApplicationSceneManifest_Generation = YES;
				INFOPLIST_KEY_UIApplicationSupportsIndirectInputEvents = YES;
				INFOPLIST_KEY_UILaunchScreen_Generation = YES;
				INFOPLIST_KEY_UISupportedInterfaceOrientations_iPad = "UIInterfaceOrientationPortrait UIInterfaceOrientationPortraitUpsideDown UIInterfaceOrientationLandscapeLeft UIInterfaceOrientationLandscapeRight";
				INFOPLIST_KEY_UISupportedInterfaceOrientations_iPhone = "UIInterfaceOrientationPortrait UIInterfaceOrientationLandscapeLeft UIInterfaceOrientationLandscapeRight";
				LD_RUNPATH_SEARCH_PATHS = (
					"$(inherited)",
					"@executable_path/Frameworks",
				);
				MARKETING_VERSION = 1.0;
				PRODUCT_BUNDLE_IDENTIFIER = dev.fabiosalata.RemindersSwiftData;
				PRODUCT_NAME = "$(TARGET_NAME)";
				SWIFT_EMIT_LOC_STRINGS = YES;
				SWIFT_VERSION = 5.0;
				TARGETED_DEVICE_FAMILY = "1,2";
			};
			name = Debug;
		};
		E43571C82C7FE51100E59ADD /* Release */ = {
			isa = XCBuildConfiguration;
			buildSettings = {
				ASSETCATALOG_COMPILER_APPICON_NAME = AppIcon;
				ASSETCATALOG_COMPILER_GLOBAL_ACCENT_COLOR_NAME = AccentColor;
				CODE_SIGN_STYLE = Automatic;
				CURRENT_PROJECT_VERSION = 1;
				DEVELOPMENT_ASSET_PATHS = "\"RemindersSwiftData/Preview Content\"";
				DEVELOPMENT_TEAM = 4473R8PQA5;
				ENABLE_PREVIEWS = YES;
				GENERATE_INFOPLIST_FILE = YES;
				INFOPLIST_KEY_UIApplicationSceneManifest_Generation = YES;
				INFOPLIST_KEY_UIApplicationSupportsIndirectInputEvents = YES;
				INFOPLIST_KEY_UILaunchScreen_Generation = YES;
				INFOPLIST_KEY_UISupportedInterfaceOrientations_iPad = "UIInterfaceOrientationPortrait UIInterfaceOrientationPortraitUpsideDown UIInterfaceOrientationLandscapeLeft UIInterfaceOrientationLandscapeRight";
				INFOPLIST_KEY_UISupportedInterfaceOrientations_iPhone = "UIInterfaceOrientationPortrait UIInterfaceOrientationLandscapeLeft UIInterfaceOrientationLandscapeRight";
				LD_RUNPATH_SEARCH_PATHS = (
					"$(inherited)",
					"@executable_path/Frameworks",
				);
				MARKETING_VERSION = 1.0;
				PRODUCT_BUNDLE_IDENTIFIER = dev.fabiosalata.RemindersSwiftData;
				PRODUCT_NAME = "$(TARGET_NAME)";
				SWIFT_EMIT_LOC_STRINGS = YES;
				SWIFT_VERSION = 5.0;
				TARGETED_DEVICE_FAMILY = "1,2";
			};
			name = Release;
		};
		E43571CA2C7FE51100E59ADD /* Debug */ = {
			isa = XCBuildConfiguration;
			buildSettings = {
				BUNDLE_LOADER = "$(TEST_HOST)";
				CODE_SIGN_STYLE = Automatic;
				CURRENT_PROJECT_VERSION = 1;
				DEVELOPMENT_TEAM = 4473R8PQA5;
				GENERATE_INFOPLIST_FILE = YES;
				IPHONEOS_DEPLOYMENT_TARGET = 18.1;
				MARKETING_VERSION = 1.0;
				PRODUCT_BUNDLE_IDENTIFIER = dev.fabiosalata.RemindersSwiftDataTests;
				PRODUCT_NAME = "$(TARGET_NAME)";
				SWIFT_EMIT_LOC_STRINGS = NO;
				SWIFT_VERSION = 5.0;
				TARGETED_DEVICE_FAMILY = "1,2";
				TEST_HOST = "$(BUILT_PRODUCTS_DIR)/RemindersSwiftData.app/$(BUNDLE_EXECUTABLE_FOLDER_PATH)/RemindersSwiftData";
			};
			name = Debug;
		};
		E43571CB2C7FE51100E59ADD /* Release */ = {
			isa = XCBuildConfiguration;
			buildSettings = {
				BUNDLE_LOADER = "$(TEST_HOST)";
				CODE_SIGN_STYLE = Automatic;
				CURRENT_PROJECT_VERSION = 1;
				DEVELOPMENT_TEAM = 4473R8PQA5;
				GENERATE_INFOPLIST_FILE = YES;
				IPHONEOS_DEPLOYMENT_TARGET = 18.1;
				MARKETING_VERSION = 1.0;
				PRODUCT_BUNDLE_IDENTIFIER = dev.fabiosalata.RemindersSwiftDataTests;
				PRODUCT_NAME = "$(TARGET_NAME)";
				SWIFT_EMIT_LOC_STRINGS = NO;
				SWIFT_VERSION = 5.0;
				TARGETED_DEVICE_FAMILY = "1,2";
				TEST_HOST = "$(BUILT_PRODUCTS_DIR)/RemindersSwiftData.app/$(BUNDLE_EXECUTABLE_FOLDER_PATH)/RemindersSwiftData";
			};
			name = Release;
		};
		E43571CD2C7FE51100E59ADD /* Debug */ = {
			isa = XCBuildConfiguration;
			buildSettings = {
				CODE_SIGN_STYLE = Automatic;
				CURRENT_PROJECT_VERSION = 1;
				DEVELOPMENT_TEAM = 4473R8PQA5;
				GENERATE_INFOPLIST_FILE = YES;
				MARKETING_VERSION = 1.0;
				PRODUCT_BUNDLE_IDENTIFIER = dev.fabiosalata.RemindersSwiftDataUITests;
				PRODUCT_NAME = "$(TARGET_NAME)";
				SWIFT_EMIT_LOC_STRINGS = NO;
				SWIFT_VERSION = 5.0;
				TARGETED_DEVICE_FAMILY = "1,2";
				TEST_TARGET_NAME = RemindersSwiftData;
			};
			name = Debug;
		};
		E43571CE2C7FE51100E59ADD /* Release */ = {
			isa = XCBuildConfiguration;
			buildSettings = {
				CODE_SIGN_STYLE = Automatic;
				CURRENT_PROJECT_VERSION = 1;
				DEVELOPMENT_TEAM = 4473R8PQA5;
				GENERATE_INFOPLIST_FILE = YES;
				MARKETING_VERSION = 1.0;
				PRODUCT_BUNDLE_IDENTIFIER = dev.fabiosalata.RemindersSwiftDataUITests;
				PRODUCT_NAME = "$(TARGET_NAME)";
				SWIFT_EMIT_LOC_STRINGS = NO;
				SWIFT_VERSION = 5.0;
				TARGETED_DEVICE_FAMILY = "1,2";
				TEST_TARGET_NAME = RemindersSwiftData;
			};
			name = Release;
		};
/* End XCBuildConfiguration section */

/* Begin XCConfigurationList section */
		E435719B2C7FE51000E59ADD /* Build configuration list for PBXProject "RemindersSwiftData" */ = {
			isa = XCConfigurationList;
			buildConfigurations = (
				E43571C42C7FE51100E59ADD /* Debug */,
				E43571C52C7FE51100E59ADD /* Release */,
			);
			defaultConfigurationIsVisible = 0;
			defaultConfigurationName = Release;
		};
		E43571C62C7FE51100E59ADD /* Build configuration list for PBXNativeTarget "RemindersSwiftData" */ = {
			isa = XCConfigurationList;
			buildConfigurations = (
				E43571C72C7FE51100E59ADD /* Debug */,
				E43571C82C7FE51100E59ADD /* Release */,
			);
			defaultConfigurationIsVisible = 0;
			defaultConfigurationName = Release;
		};
		E43571C92C7FE51100E59ADD /* Build configuration list for PBXNativeTarget "RemindersSwiftDataTests" */ = {
			isa = XCConfigurationList;
			buildConfigurations = (
				E43571CA2C7FE51100E59ADD /* Debug */,
				E43571CB2C7FE51100E59ADD /* Release */,
			);
			defaultConfigurationIsVisible = 0;
			defaultConfigurationName = Release;
		};
		E43571CC2C7FE51100E59ADD /* Build configuration list for PBXNativeTarget "RemindersSwiftDataUITests" */ = {
			isa = XCConfigurationList;
			buildConfigurations = (
				E43571CD2C7FE51100E59ADD /* Debug */,
				E43571CE2C7FE51100E59ADD /* Release */,
			);
			defaultConfigurationIsVisible = 0;
			defaultConfigurationName = Release;
		};
/* End XCConfigurationList section */
	};
	rootObject = E43571982C7FE51000E59ADD /* Project object */;
}
